
Microsoft Visual Studio Solution File, Format Version 12.00
# Visual Studio Version 17
VisualStudioVersion = 17.5.002.0
MinimumVisualStudioVersion = 10.0.40219.1
Project("{9A19103F-16F7-4668-BE54-9A1E7A4F7556}") = "DDDNetCore", "DDDNetCore.csproj", "{F4D1AA2A-0ECA-449E-B8A8-1DE586A688DE}"
EndProject
Global
	GlobalSection(SolutionConfigurationPlatforms) = preSolution
		Debug|Any CPU = Debug|Any CPU
		Release|Any CPU = Release|Any CPU
	EndGlobalSection
	GlobalSection(ProjectConfigurationPlatforms) = postSolution
		{F4D1AA2A-0ECA-449E-B8A8-1DE586A688DE}.Debug|Any CPU.ActiveCfg = Debug|Any CPU
		{F4D1AA2A-0ECA-449E-B8A8-1DE586A688DE}.Debug|Any CPU.Build.0 = Debug|Any CPU
		{F4D1AA2A-0ECA-449E-B8A8-1DE586A688DE}.Release|Any CPU.ActiveCfg = Release|Any CPU
		{F4D1AA2A-0ECA-449E-B8A8-1DE586A688DE}.Release|Any CPU.Build.0 = Release|Any CPU
	EndGlobalSection
	GlobalSection(SolutionProperties) = preSolution
		HideSolutionNode = FALSE
	EndGlobalSection
	GlobalSection(ExtensibilityGlobals) = postSolution
		SolutionGuid = {55DA844F-B571-4C70-A1B6-765A54320451}
	EndGlobalSection
EndGlobal
